<?xml version="1.0" encoding="utf-8"?>
<Project ToolsVersion="4.0" xmlns="http://schemas.microsoft.com/developer/msbuild/2003">
  <ItemGroup>
    <Filter Include="Platform">
      <UniqueIdentifier>{2AC788B4-1694-E3BF-3FAD-D1672BD9184E}</UniqueIdentifier>
    </Filter>
    <Filter Include="Platform\OpenGL">
      <UniqueIdentifier>{1E7D2C1D-8A08-9AE1-9319-1DD6FF23F6E1}</UniqueIdentifier>
    </Filter>
    <Filter Include="Platform\Windows">
      <UniqueIdentifier>{64FBD71A-50F4-F66C-7926-DCF1657ED678}</UniqueIdentifier>
    </Filter>
    <Filter Include="Sirius">
      <UniqueIdentifier>{448F27D1-3031-52A7-19EC-65FB052DD9F7}</UniqueIdentifier>
    </Filter>
    <Filter Include="Sirius\Events">
      <UniqueIdentifier>{A8E62272-14A7-9EA8-DDE1-E7254961E384}</UniqueIdentifier>
    </Filter>
    <Filter Include="Sirius\ImGui">
      <UniqueIdentifier>{6E67D77F-5ACA-6624-0350-9FDAEF9132A7}</UniqueIdentifier>
    </Filter>
  </ItemGroup>
  <ItemGroup>
    <ClInclude Include="src\Platform\OpenGL\ImGuiOpenGLRenderer.h">
      <Filter>Platform\OpenGL</Filter>
    </ClInclude>
    <ClInclude Include="src\Platform\Windows\WindowsWindow.h">
      <Filter>Platform\Windows</Filter>
    </ClInclude>
    <ClInclude Include="src\Sirius.h" />
    <ClInclude Include="src\Sirius\Application.h">
      <Filter>Sirius</Filter>
    </ClInclude>
    <ClInclude Include="src\Sirius\Core.h">
      <Filter>Sirius</Filter>
    </ClInclude>
    <ClInclude Include="src\Sirius\EntryPoint.h">
      <Filter>Sirius</Filter>
    </ClInclude>
    <ClInclude Include="src\Sirius\Events\ApplicationEvent.h">
      <Filter>Sirius\Events</Filter>
    </ClInclude>
    <ClInclude Include="src\Sirius\Events\Event.h">
      <Filter>Sirius\Events</Filter>
    </ClInclude>
    <ClInclude Include="src\Sirius\Events\KeyEvent.h">
      <Filter>Sirius\Events</Filter>
    </ClInclude>
    <ClInclude Include="src\Sirius\Events\MouseEvent.h">
      <Filter>Sirius\Events</Filter>
    </ClInclude>
    <ClInclude Include="src\Sirius\ImGui\ImGuiLayer.h">
      <Filter>Sirius\ImGui</Filter>
    </ClInclude>
    <ClInclude Include="src\Sirius\Layer.h">
      <Filter>Sirius</Filter>
    </ClInclude>
    <ClInclude Include="src\Sirius\LayerStack.h">
      <Filter>Sirius</Filter>
    </ClInclude>
    <ClInclude Include="src\Sirius\Log.h">
      <Filter>Sirius</Filter>
    </ClInclude>
    <ClInclude Include="src\Sirius\Window.h">
      <Filter>Sirius</Filter>
    </ClInclude>
    <ClInclude Include="src\srspch.h" />
    <ClInclude Include="src\Sirius\Input.h" />
    <ClInclude Include="src\Platform\Windows\WindowsInput.h" />
  </ItemGroup>
  <ItemGroup>
    <ClCompile Include="src\Platform\OpenGL\ImGuiOpenGLRenderer.cpp">
      <Filter>Platform\OpenGL</Filter>
    </ClCompile>
    <ClCompile Include="src\Platform\Windows\WindowsWindow.cpp">
      <Filter>Platform\Windows</Filter>
    </ClCompile>
    <ClCompile Include="src\Sirius\Application.cpp">
      <Filter>Sirius</Filter>
    </ClCompile>
    <ClCompile Include="src\Sirius\ImGui\ImGuiLayer.cpp">
      <Filter>Sirius\ImGui</Filter>
    </ClCompile>
    <ClCompile Include="src\Sirius\Layer.cpp">
      <Filter>Sirius</Filter>
    </ClCompile>
    <ClCompile Include="src\Sirius\LayerStack.cpp">
      <Filter>Sirius</Filter>
    </ClCompile>
    <ClCompile Include="src\Sirius\Log.cpp">
      <Filter>Sirius</Filter>
    </ClCompile>
    <ClCompile Include="src\srspch.cpp" />
    <ClCompile Include="src\Platform\Windows\WindowsInput.cpp" />
  </ItemGroup>
</Project>