<?xml version="1.0" encoding="utf-8"?>
<Project ToolsVersion="4.0" xmlns="http://schemas.microsoft.com/developer/msbuild/2003">
  <ItemGroup>
    <Filter Include="Sirius">
      <UniqueIdentifier>{448F27D1-3031-52A7-19EC-65FB052DD9F7}</UniqueIdentifier>
    </Filter>
    <Filter Include="Sirius\Events">
      <UniqueIdentifier>{A8E62272-14A7-9EA8-DDE1-E7254961E384}</UniqueIdentifier>
    </Filter>
  </ItemGroup>
  <ItemGroup>
    <ClInclude Include="src\Sirius.h" />
    <ClInclude Include="src\Sirius\Application.h">
      <Filter>Sirius</Filter>
    </ClInclude>
    <ClInclude Include="src\Sirius\Core.h">
      <Filter>Sirius</Filter>
    </ClInclude>
    <ClInclude Include="src\Sirius\EntryPoint.h">
      <Filter>Sirius</Filter>
    </ClInclude>
    <ClInclude Include="src\Sirius\Events\ApplicationEvent.h">
      <Filter>Sirius\Events</Filter>
    </ClInclude>
    <ClInclude Include="src\Sirius\Events\Event.h">
      <Filter>Sirius\Events</Filter>
    </ClInclude>
    <ClInclude Include="src\Sirius\Events\KeyEvent.h">
      <Filter>Sirius\Events</Filter>
    </ClInclude>
    <ClInclude Include="src\Sirius\Events\MouseEvent.h">
      <Filter>Sirius\Events</Filter>
    </ClInclude>
    <ClInclude Include="src\Sirius\Log.h">
      <Filter>Sirius</Filter>
    </ClInclude>
  </ItemGroup>
  <ItemGroup>
    <ClCompile Include="src\Sirius\Application.cpp">
      <Filter>Sirius</Filter>
    </ClCompile>
    <ClCompile Include="src\Sirius\Log.cpp">
      <Filter>Sirius</Filter>
    </ClCompile>
  </ItemGroup>
</Project>